
Microsoft Visual Studio Solution File, Format Version 12.00
# Visual Studio Version 16
VisualStudioVersion = 16.0.31105.61
MinimumVisualStudioVersion = 10.0.40219.1
Project("{FAE04EC0-301F-11D3-BF4B-00C04F79EFBC}") = "LabClases2", "LabClases2\LabClases2.csproj", "{803E4D9B-C704-4AA0-8C6A-F495A099E760}"
EndProject
Project("{FAE04EC0-301F-11D3-BF4B-00C04F79EFBC}") = "Clases", "Clases\Clases.csproj", "{3886B19C-2FD5-4441-99E4-5804CC7881C9}"
EndProject
Global
	GlobalSection(SolutionConfigurationPlatforms) = preSolution
		Debug|Any CPU = Debug|Any CPU
		Release|Any CPU = Release|Any CPU
	EndGlobalSection
	GlobalSection(ProjectConfigurationPlatforms) = postSolution
		{803E4D9B-C704-4AA0-8C6A-F495A099E760}.Debug|Any CPU.ActiveCfg = Debug|Any CPU
		{803E4D9B-C704-4AA0-8C6A-F495A099E760}.Debug|Any CPU.Build.0 = Debug|Any CPU
		{803E4D9B-C704-4AA0-8C6A-F495A099E760}.Release|Any CPU.ActiveCfg = Release|Any CPU
		{803E4D9B-C704-4AA0-8C6A-F495A099E760}.Release|Any CPU.Build.0 = Release|Any CPU
		{3886B19C-2FD5-4441-99E4-5804CC7881C9}.Debug|Any CPU.ActiveCfg = Debug|Any CPU
		{3886B19C-2FD5-4441-99E4-5804CC7881C9}.Debug|Any CPU.Build.0 = Debug|Any CPU
		{3886B19C-2FD5-4441-99E4-5804CC7881C9}.Release|Any CPU.ActiveCfg = Release|Any CPU
		{3886B19C-2FD5-4441-99E4-5804CC7881C9}.Release|Any CPU.Build.0 = Release|Any CPU
	EndGlobalSection
	GlobalSection(SolutionProperties) = preSolution
		HideSolutionNode = FALSE
	EndGlobalSection
	GlobalSection(ExtensibilityGlobals) = postSolution
		SolutionGuid = {1DE96033-1655-4A6B-B3F9-87D5E767A4B7}
	EndGlobalSection
EndGlobal
