
Microsoft Visual Studio Solution File, Format Version 12.00
# Visual Studio Version 16
VisualStudioVersion = 16.0.31105.61
MinimumVisualStudioVersion = 10.0.40219.1
Project("{FAE04EC0-301F-11D3-BF4B-00C04F79EFBC}") = "LabGrilla-Juani", "LabGrilla-Juani\LabGrilla-Juani.csproj", "{5E64C5B8-97CC-4671-AC32-7A19226E29AF}"
EndProject
Project("{FAE04EC0-301F-11D3-BF4B-00C04F79EFBC}") = "Negocio", "Negocio\Negocio.csproj", "{B8AB1216-5C69-4F04-8BA1-1224C2F4E6C2}"
EndProject
Global
	GlobalSection(SolutionConfigurationPlatforms) = preSolution
		Debug|Any CPU = Debug|Any CPU
		Release|Any CPU = Release|Any CPU
	EndGlobalSection
	GlobalSection(ProjectConfigurationPlatforms) = postSolution
		{5E64C5B8-97CC-4671-AC32-7A19226E29AF}.Debug|Any CPU.ActiveCfg = Debug|Any CPU
		{5E64C5B8-97CC-4671-AC32-7A19226E29AF}.Debug|Any CPU.Build.0 = Debug|Any CPU
		{5E64C5B8-97CC-4671-AC32-7A19226E29AF}.Release|Any CPU.ActiveCfg = Release|Any CPU
		{5E64C5B8-97CC-4671-AC32-7A19226E29AF}.Release|Any CPU.Build.0 = Release|Any CPU
		{B8AB1216-5C69-4F04-8BA1-1224C2F4E6C2}.Debug|Any CPU.ActiveCfg = Debug|Any CPU
		{B8AB1216-5C69-4F04-8BA1-1224C2F4E6C2}.Debug|Any CPU.Build.0 = Debug|Any CPU
		{B8AB1216-5C69-4F04-8BA1-1224C2F4E6C2}.Release|Any CPU.ActiveCfg = Release|Any CPU
		{B8AB1216-5C69-4F04-8BA1-1224C2F4E6C2}.Release|Any CPU.Build.0 = Release|Any CPU
	EndGlobalSection
	GlobalSection(SolutionProperties) = preSolution
		HideSolutionNode = FALSE
	EndGlobalSection
	GlobalSection(ExtensibilityGlobals) = postSolution
		SolutionGuid = {C91DDECD-3BB2-4BA6-8259-DEBD032E2443}
	EndGlobalSection
EndGlobal
