
Microsoft Visual Studio Solution File, Format Version 12.00
# Visual Studio Version 16
VisualStudioVersion = 16.0.31129.286
MinimumVisualStudioVersion = 10.0.40219.1
Project("{FAE04EC0-301F-11D3-BF4B-00C04F79EFBC}") = "Util", "Util\Util.csproj", "{6FAB6617-01EC-4F45-B72A-BE178C43E617}"
EndProject
Project("{FAE04EC0-301F-11D3-BF4B-00C04F79EFBC}") = "Windows", "Windows\Windows.csproj", "{4424004B-118A-41AE-83A0-689857D97744}"
EndProject
Project("{FAE04EC0-301F-11D3-BF4B-00C04F79EFBC}") = "Console", "Console\Console.csproj", "{830E2239-FAF2-4C44-83D0-81EFB290E6A0}"
EndProject
Project("{FAE04EC0-301F-11D3-BF4B-00C04F79EFBC}") = "Web", "Web\Web.csproj", "{6A0F0DB9-CA2C-4DED-801D-C9C01501C1E3}"
EndProject
Project("{FAE04EC0-301F-11D3-BF4B-00C04F79EFBC}") = "Data.Database", "Data.Database\Data.Database.csproj", "{18D1C50F-58E0-4D94-B05B-4A95A146E6BB}"
EndProject
Project("{FAE04EC0-301F-11D3-BF4B-00C04F79EFBC}") = "Business.Logic", "Business.Logic\Business.Logic.csproj", "{8B5BD16F-A27F-4665-9401-B715423A7582}"
EndProject
Project("{FAE04EC0-301F-11D3-BF4B-00C04F79EFBC}") = "Business.Entities", "Business.Entities2\Business.Entities.csproj", "{2EBC6568-6683-44DA-ADF7-1A65F58F2B02}"
EndProject
Global
	GlobalSection(SolutionConfigurationPlatforms) = preSolution
		Debug|Any CPU = Debug|Any CPU
		Release|Any CPU = Release|Any CPU
	EndGlobalSection
	GlobalSection(ProjectConfigurationPlatforms) = postSolution
		{6FAB6617-01EC-4F45-B72A-BE178C43E617}.Debug|Any CPU.ActiveCfg = Debug|Any CPU
		{6FAB6617-01EC-4F45-B72A-BE178C43E617}.Debug|Any CPU.Build.0 = Debug|Any CPU
		{6FAB6617-01EC-4F45-B72A-BE178C43E617}.Release|Any CPU.ActiveCfg = Release|Any CPU
		{6FAB6617-01EC-4F45-B72A-BE178C43E617}.Release|Any CPU.Build.0 = Release|Any CPU
		{4424004B-118A-41AE-83A0-689857D97744}.Debug|Any CPU.ActiveCfg = Debug|Any CPU
		{4424004B-118A-41AE-83A0-689857D97744}.Debug|Any CPU.Build.0 = Debug|Any CPU
		{4424004B-118A-41AE-83A0-689857D97744}.Release|Any CPU.ActiveCfg = Release|Any CPU
		{4424004B-118A-41AE-83A0-689857D97744}.Release|Any CPU.Build.0 = Release|Any CPU
		{830E2239-FAF2-4C44-83D0-81EFB290E6A0}.Debug|Any CPU.ActiveCfg = Debug|Any CPU
		{830E2239-FAF2-4C44-83D0-81EFB290E6A0}.Debug|Any CPU.Build.0 = Debug|Any CPU
		{830E2239-FAF2-4C44-83D0-81EFB290E6A0}.Release|Any CPU.ActiveCfg = Release|Any CPU
		{830E2239-FAF2-4C44-83D0-81EFB290E6A0}.Release|Any CPU.Build.0 = Release|Any CPU
		{6A0F0DB9-CA2C-4DED-801D-C9C01501C1E3}.Debug|Any CPU.ActiveCfg = Debug|Any CPU
		{6A0F0DB9-CA2C-4DED-801D-C9C01501C1E3}.Debug|Any CPU.Build.0 = Debug|Any CPU
		{6A0F0DB9-CA2C-4DED-801D-C9C01501C1E3}.Release|Any CPU.ActiveCfg = Release|Any CPU
		{6A0F0DB9-CA2C-4DED-801D-C9C01501C1E3}.Release|Any CPU.Build.0 = Release|Any CPU
		{18D1C50F-58E0-4D94-B05B-4A95A146E6BB}.Debug|Any CPU.ActiveCfg = Debug|Any CPU
		{18D1C50F-58E0-4D94-B05B-4A95A146E6BB}.Debug|Any CPU.Build.0 = Debug|Any CPU
		{18D1C50F-58E0-4D94-B05B-4A95A146E6BB}.Release|Any CPU.ActiveCfg = Release|Any CPU
		{18D1C50F-58E0-4D94-B05B-4A95A146E6BB}.Release|Any CPU.Build.0 = Release|Any CPU
		{8B5BD16F-A27F-4665-9401-B715423A7582}.Debug|Any CPU.ActiveCfg = Debug|Any CPU
		{8B5BD16F-A27F-4665-9401-B715423A7582}.Debug|Any CPU.Build.0 = Debug|Any CPU
		{8B5BD16F-A27F-4665-9401-B715423A7582}.Release|Any CPU.ActiveCfg = Release|Any CPU
		{8B5BD16F-A27F-4665-9401-B715423A7582}.Release|Any CPU.Build.0 = Release|Any CPU
		{2EBC6568-6683-44DA-ADF7-1A65F58F2B02}.Debug|Any CPU.ActiveCfg = Debug|Any CPU
		{2EBC6568-6683-44DA-ADF7-1A65F58F2B02}.Debug|Any CPU.Build.0 = Debug|Any CPU
		{2EBC6568-6683-44DA-ADF7-1A65F58F2B02}.Release|Any CPU.ActiveCfg = Release|Any CPU
		{2EBC6568-6683-44DA-ADF7-1A65F58F2B02}.Release|Any CPU.Build.0 = Release|Any CPU
	EndGlobalSection
	GlobalSection(SolutionProperties) = preSolution
		HideSolutionNode = FALSE
	EndGlobalSection
	GlobalSection(ExtensibilityGlobals) = postSolution
		SolutionGuid = {06B15BD2-F2A0-4481-B2EF-09458A6D7537}
	EndGlobalSection
EndGlobal
