
Microsoft Visual Studio Solution File, Format Version 12.00
# Visual Studio Version 16
VisualStudioVersion = 16.0.31105.61
MinimumVisualStudioVersion = 10.0.40219.1
Project("{FAE04EC0-301F-11D3-BF4B-00C04F79EFBC}") = "Ejs123", "Ejs123\Ejs123.csproj", "{3A1CAD60-219C-4D7F-9C85-3D193E016D24}"
EndProject
Global
	GlobalSection(SolutionConfigurationPlatforms) = preSolution
		Debug|Any CPU = Debug|Any CPU
		Release|Any CPU = Release|Any CPU
	EndGlobalSection
	GlobalSection(ProjectConfigurationPlatforms) = postSolution
		{3A1CAD60-219C-4D7F-9C85-3D193E016D24}.Debug|Any CPU.ActiveCfg = Debug|Any CPU
		{3A1CAD60-219C-4D7F-9C85-3D193E016D24}.Debug|Any CPU.Build.0 = Debug|Any CPU
		{3A1CAD60-219C-4D7F-9C85-3D193E016D24}.Release|Any CPU.ActiveCfg = Release|Any CPU
		{3A1CAD60-219C-4D7F-9C85-3D193E016D24}.Release|Any CPU.Build.0 = Release|Any CPU
	EndGlobalSection
	GlobalSection(SolutionProperties) = preSolution
		HideSolutionNode = FALSE
	EndGlobalSection
	GlobalSection(ExtensibilityGlobals) = postSolution
		SolutionGuid = {433A7083-1C63-4926-9CDF-6219FBE72F8C}
	EndGlobalSection
EndGlobal
