
Microsoft Visual Studio Solution File, Format Version 12.00
# Visual Studio Version 16
VisualStudioVersion = 16.0.31205.134
MinimumVisualStudioVersion = 10.0.40219.1
Project("{FAE04EC0-301F-11D3-BF4B-00C04F79EFBC}") = "LabSintaxis3", "LabSintaxis3\LabSintaxis3.csproj", "{8FC171F4-E285-41A9-82AD-5239F2AF738D}"
EndProject
Global
	GlobalSection(SolutionConfigurationPlatforms) = preSolution
		Debug|Any CPU = Debug|Any CPU
		Release|Any CPU = Release|Any CPU
	EndGlobalSection
	GlobalSection(ProjectConfigurationPlatforms) = postSolution
		{8FC171F4-E285-41A9-82AD-5239F2AF738D}.Debug|Any CPU.ActiveCfg = Debug|Any CPU
		{8FC171F4-E285-41A9-82AD-5239F2AF738D}.Debug|Any CPU.Build.0 = Debug|Any CPU
		{8FC171F4-E285-41A9-82AD-5239F2AF738D}.Release|Any CPU.ActiveCfg = Release|Any CPU
		{8FC171F4-E285-41A9-82AD-5239F2AF738D}.Release|Any CPU.Build.0 = Release|Any CPU
	EndGlobalSection
	GlobalSection(SolutionProperties) = preSolution
		HideSolutionNode = FALSE
	EndGlobalSection
	GlobalSection(ExtensibilityGlobals) = postSolution
		SolutionGuid = {86A2F5E1-EA9B-4C93-BC2F-2912A8212444}
	EndGlobalSection
EndGlobal
