
Microsoft Visual Studio Solution File, Format Version 12.00
# Visual Studio Version 16
VisualStudioVersion = 16.0.31205.134
MinimumVisualStudioVersion = 10.0.40219.1
Project("{FAE04EC0-301F-11D3-BF4B-00C04F79EFBC}") = "LabSintaxis4", "LabSintaxis4\LabSintaxis4.csproj", "{453CD684-70D4-48FA-B1A0-96F3B91B1B03}"
EndProject
Global
	GlobalSection(SolutionConfigurationPlatforms) = preSolution
		Debug|Any CPU = Debug|Any CPU
		Release|Any CPU = Release|Any CPU
	EndGlobalSection
	GlobalSection(ProjectConfigurationPlatforms) = postSolution
		{453CD684-70D4-48FA-B1A0-96F3B91B1B03}.Debug|Any CPU.ActiveCfg = Debug|Any CPU
		{453CD684-70D4-48FA-B1A0-96F3B91B1B03}.Debug|Any CPU.Build.0 = Debug|Any CPU
		{453CD684-70D4-48FA-B1A0-96F3B91B1B03}.Release|Any CPU.ActiveCfg = Release|Any CPU
		{453CD684-70D4-48FA-B1A0-96F3B91B1B03}.Release|Any CPU.Build.0 = Release|Any CPU
	EndGlobalSection
	GlobalSection(SolutionProperties) = preSolution
		HideSolutionNode = FALSE
	EndGlobalSection
	GlobalSection(ExtensibilityGlobals) = postSolution
		SolutionGuid = {50EC554B-6BBF-46E1-958C-F88AB72516BD}
	EndGlobalSection
EndGlobal
